
Microsoft Visual Studio Solution File, Format Version 12.00
# Visual Studio Version 17
VisualStudioVersion = 17.3.32929.385
MinimumVisualStudioVersion = 10.0.40219.1
Project("{FAE04EC0-301F-11D3-BF4B-00C04F79EFBC}") = "MyContacts", "MyContacts\MyContacts.csproj", "{18885403-281C-4366-AA62-5A6E0C7E16C3}"
EndProject
Global
	GlobalSection(SolutionConfigurationPlatforms) = preSolution
		Debug|Any CPU = Debug|Any CPU
		Release|Any CPU = Release|Any CPU
	EndGlobalSection
	GlobalSection(ProjectConfigurationPlatforms) = postSolution
		{18885403-281C-4366-AA62-5A6E0C7E16C3}.Debug|Any CPU.ActiveCfg = Debug|Any CPU
		{18885403-281C-4366-AA62-5A6E0C7E16C3}.Debug|Any CPU.Build.0 = Debug|Any CPU
		{18885403-281C-4366-AA62-5A6E0C7E16C3}.Release|Any CPU.ActiveCfg = Release|Any CPU
		{18885403-281C-4366-AA62-5A6E0C7E16C3}.Release|Any CPU.Build.0 = Release|Any CPU
	EndGlobalSection
	GlobalSection(SolutionProperties) = preSolution
		HideSolutionNode = FALSE
	EndGlobalSection
	GlobalSection(ExtensibilityGlobals) = postSolution
		SolutionGuid = {8DBCACC1-07AC-405D-9166-4757647F8C38}
	EndGlobalSection
EndGlobal
